Microsoft Visual Studio Solution File, Format Version 12.00
# Visual Studio Version 17
VisualStudioVersion = 17.5.2.0
MinimumVisualStudioVersion = 10.0.40219.1
Project("{FAE04EC0-301F-11D3-BF4B-00C04F79EFBC}") = "usuarioQ42025", "usuarioQ42025.csproj", "{B34EF200-4268-CE7B-DAF9-41839662269D}"
EndProject
Global
	GlobalSection(SolutionConfigurationPlatforms) = preSolution
		Debug|Any CPU = Debug|Any CPU
		Release|Any CPU = Release|Any CPU
	EndGlobalSection
	GlobalSection(ProjectConfigurationPlatforms) = postSolution
		{B34EF200-4268-CE7B-DAF9-41839662269D}.Debug|Any CPU.ActiveCfg = Debug|Any CPU
		{B34EF200-4268-CE7B-DAF9-41839662269D}.Debug|Any CPU.Build.0 = Debug|Any CPU
		{B34EF200-4268-CE7B-DAF9-41839662269D}.Release|Any CPU.ActiveCfg = Release|Any CPU
		{B34EF200-4268-CE7B-DAF9-41839662269D}.Release|Any CPU.Build.0 = Release|Any CPU
	EndGlobalSection
	GlobalSection(SolutionProperties) = preSolution
		HideSolutionNode = FALSE
	EndGlobalSection
	GlobalSection(ExtensibilityGlobals) = postSolution
		SolutionGuid = {28D7072E-97CB-428A-89C7-AECF6C1086A2}
	EndGlobalSection
EndGlobal
